github.com/Masterminds/semver/v3 v3.4.0 h1:Zog+i5UMtVoCU8oKka5P7i9q9HgrJeGzI9SA1Xbatp0=
github.com/Masterminds/semver/v3 v3.4.0/go.mod h1:4V+yj/TJE1HU9XfppCwVMZq3I84lprf4nC11bSS5beM=
github.com/aws/aws-cdk-go/awscdk/v2 v2.114.1 h1:Xp8yuu2vRvW1kUnCEEnycgV7U/bAVAepNvIwXrP5niI=
github.com/aws/aws-cdk-go/awscdk/v2 v2.114.1/go.mod h1:vPNcOhh47T85J52L+xUUZ91IBRvf5dFpe4s4cyiTn1E=
github.com/aws/aws-cdk-go/awscdkapigatewayv2alpha/v2 v2.114.1-alpha.0 h1:eJotKvhokOB3EG4PE0F/AD1k5sMc9ovZVvVXOWKL2Rs=
github.com/aws/aws-cdk-go/awscdkapigatewayv2alpha/v2 v2.114.1-alpha.0/go.mod h1:Tws/cFSjJh8MkJlLjpdh2AxrClXZC93BFZj12qG4cgc=
github.com/aws/aws-cdk-go/awscdkapigatewayv2integrationsalpha/v2 v2.114.1-alpha.0 h1:8yf+fpqt/vkfFC5JtuYkU0Md6+0sM2D0o4vIKVDRaxw=
github.com/aws/aws-cdk-go/awscdkapigatewayv2integrationsalpha/v2 v2.114.1-alpha.0/go.mod h1:lt+b1NhUPW6RU1qoNoH5eLIALaHPtDnFztdLrLI2aes=
github.com/aws/aws-lambda-go v1.52.0 h1:5NfiRaVl9FafUIt2Ld/Bv22kT371mfAI+l1Hd+tV7ZE=
github.com/aws/aws-lambda-go v1.52.0/go.mod h1:dpMpZgvWx5vuQJfBt0zqBha60q7Dd7RfgJv23DymV8A=
github.com/aws/aws-sdk-go-v2 v1.41.1 h1:ABlyEARCDLN034NhxlRUSZr4l71mh+T5KAeGh6cerhU=
github.com/aws/aws-sdk-go-v2 v1.41.1/go.mod h1:MayyLB8y+buD9hZqkCW3kX1AKq07Y5pXxtgB+rRFhz0=
github.com/aws/aws-sdk-go-v2/config v1.32.7 h1:vxUyWGUwmkQ2g19n7JY/9YL8MfAIl7bTesIUykECXmY=
github.com/aws/aws-sdk-go-v2/config v1.32.7/go.mod h1:2/Qm5vKUU/r7Y+zUk/Ptt2MDAEKAfUtKc1+3U1Mo3oY=
github.com/aws/aws-sdk-go-v2/credentials v1.19.7 h1:tHK47VqqtJxOymRrNtUXN5SP/zUTvZKeLx4tH6PGQc8=
github.com/aws/aws-sdk-go-v2/credentials v1.19.7/go.mod h1:qOZk8sPDrxhf+4Wf4oT2urYJrYt3RejHSzgAquYeppw=
github.com/aws/aws-sdk-go-v2/feature/ec2/imds v1.18.17 h1:I0GyV8wiYrP8XpA70g1HBcQO1JlQxCMTW9npl5UbDHY=
github.com/aws/aws-sdk-go-v2/feature/ec2/imds v1.18.17/go.mod h1:tyw7BOl5bBe/oqvoIeECFJjMdzXoa/dfVz3QQ5lgHGA=
github.com/aws/aws-sdk-go-v2/internal/configsources v1.4.17 h1:xOLELNKGp2vsiteLsvLPwxC+mYmO6OZ8PYgiuPJzF8U=
github.com/aws/aws-sdk-go-v2/internal/configsources v1.4.17/go.mod h1:5M5CI3D12dNOtH3/mk6minaRwI2/37ifCURZISxA/IQ=
github.com/aws/aws-sdk-go-v2/internal/endpoints/v2 v2.7.17 h1:WWLqlh79iO48yLkj1v3ISRNiv+3KdQoZ6JWyfcsyQik=
github.com/aws/aws-sdk-go-v2/internal/endpoints/v2 v2.7.17/go.mod h1:EhG22vHRrvF8oXSTYStZhJc1aUgKtnJe+aOiFEV90cM=
github.com/aws/aws-sdk-go-v2/internal/ini v1.8.4 h1:WKuaxf++XKWlHWu9ECbMlha8WOEGm0OUEZqm4K/Gcfk=
github.com/aws/aws-sdk-go-v2/internal/ini v1.8.4/go.mod h1:ZWy7j6v1vWGmPReu0iSGvRiise4YI5SkR3OHKTZ6Wuc=
github.com/aws/aws-sdk-go-v2/service/apigatewaymanagementapi v1.29.10 h1:2kw0xNqhIdrtLVvUfCqpvj/4Pa+XHAqTTPGk6AZjNB4=
github.com/aws/aws-sdk-go-v2/service/apigatewaymanagementapi v1.29.10/go.mod h1:rj15EWI0r5cmVDHEIXpS2FDUjo5uQk1I51o7eFNGOXw=
github.com/aws/aws-sdk-go-v2/service/internal/accept-encoding v1.13.4 h1:0ryTNEdJbzUCEWkVXEXoqlXV72J5keC1GvILMOuD00E=
github.com/aws/aws-sdk-go-v2/service/internal/accept-encoding v1.13.4/go.mod h1:HQ4qwNZh32C3CBeO6iJLQlgtMzqeG17ziAA/3KDJFow=
github.com/aws/aws-sdk-go-v2/service/internal/presigned-url v1.13.17 h1:RuNSMoozM8oXlgLG/n6WLaFGoea7/CddrCfIiSA+xdY=
github.com/aws/aws-sdk-go-v2/service/internal/presigned-url v1.13.17/go.mod h1:F2xxQ9TZz5gDWsclCtPQscGpP0VUOc8RqgFM3vDENmU=
github.com/aws/aws-sdk-go-v2/service/signin v1.0.5 h1:VrhDvQib/i0lxvr3zqlUwLwJP4fpmpyD9wYG1vfSu+Y=
github.com/aws/aws-sdk-go-v2/service/signin v1.0.5/go.mod h1:k029+U8SY30/3/ras4G/Fnv/b88N4mAfliNn08Dem4M=
github.com/aws/aws-sdk-go-v2/service/sso v1.30.9 h1:v6EiMvhEYBoHABfbGB4alOYmCIrcgyPPiBE1wZAEbqk=
github.com/aws/aws-sdk-go-v2/service/sso v1.30.9/go.mod h1:yifAsgBxgJWn3ggx70A3urX2AN49Y5sJTD1UQFlfqBw=
github.com/aws/aws-sdk-go-v2/service/ssooidc v1.35.13 h1:gd84Omyu9JLriJVCbGApcLzVR3XtmC4ZDPcAI6Ftvds=
github.com/aws/aws-sdk-go-v2/service/ssooidc v1.35.13/go.mod h1:sTGThjphYE4Ohw8vJiRStAcu3rbjtXRsdNB0TvZ5wwo=
github.com/aws/aws-sdk-go-v2/service/sts v1.41.6 h1:5fFjR/ToSOzB2OQ/XqWpZBmNvmP/pJ1jOWYlFDJTjRQ=
github.com/aws/aws-sdk-go-v2/service/sts v1.41.6/go.mod h1:qgFDZQSD/Kys7nJnVqYlWKnh0SSdMjAi0uSwON4wgYQ=
github.com/aws/constructs-go/constructs/v10 v10.4.4 h1:LL7cFqtg3B4t0ut2shtGxxeubEc+uXY5DDoWoRBuLCs=
github.com/aws/constructs-go/constructs/v10 v10.4.4/go.mod h1:BhiNi267cuLnCZpYK59k68wKYh5G5AF0SoVA8f4iyGo=
github.com/aws/jsii-runtime-go v1.125.0 h1:s5gM2ATWcCPQS61G5WHZZiqjUqejZFjed702OBrr4yo=
github.com/aws/jsii-runtime-go v1.125.0/go.mod h1:67f+oydH0cMr//tkmNNj9QpKk02hNEEVu4CByxkpGB0=
github.com/aws/smithy-go v1.24.0 h1:LpilSUItNPFr1eY85RYgTIg5eIEPtvFbskaFcmmIUnk=
github.com/aws/smithy-go v1.24.0/go.mod h1:LEj2LM3rBRQJxPZTB4KuzZkaZYnZPnvgIhb4pu07mx0=
github.com/cdklabs/awscdk-asset-awscli-go/awscliv1/v2 v2.2.261 h1:1GuMxmibE09Etubch2vHk19qFC8ILckyLECXysZhvdM=
github.com/cdklabs/awscdk-asset-awscli-go/awscliv1/v2 v2.2.261/go.mod h1:pQx6AJJlqdc7mbkWASwwlYobLIu3TiiLV24MPDl2q4w=
github.com/cdklabs/awscdk-asset-kubectl-go/kubectlv20/v2 v2.1.2 h1:k+WD+6cERd59Mao84v0QtRrcdZuuSMfzlEmuIypKnVs=
github.com/cdklabs/awscdk-asset-kubectl-go/kubectlv20/v2 v2.1.2/go.mod h1:CvFHBo0qcg8LUkJqIxQtP1rD/sNGv9bX3L2vHT2FUAo=
github.com/cdklabs/awscdk-asset-node-proxy-agent-go/nodeproxyagentv6/v2 v2.1.0 h1:kElXjprC8wkpJu58vp+WFH6z0AJw4zitg5iSKJPKe3c=
github.com/cdklabs/awscdk-asset-node-proxy-agent-go/nodeproxyagentv6/v2 v2.1.0/go.mod h1:JY4UnvNa1YDGQ4H5wohXTHl6YVY3uCDUWl4JYUrQfb8=
github.com/davecgh/go-spew v1.1.1 h1:vj9j/u1bqnvCEfJOwUhtlOARqs3+rkHYY13jYWTU97c=
github.com/davecgh/go-spew v1.1.1/go.mod h1:J7Y8YcW2NihsgmVo/mv3lAwl/skON4iLHjSsI+c5H38=
github.com/fatih/color v1.18.0 h1:S8gINlzdQ840/4pfAwic/ZE0djQEH3wM94VfqLTZcOM=
github.com/fatih/color v1.18.0/go.mod h1:4FelSpRwEGDpQ12mAdzqdOukCy4u8WUtOY6lkT/6HfU=
github.com/google/go-cmp v0.6.0 h1:ofyhxvXcZhMsU5ulbFiLKl/XBFqE1GSq7atu8tAmTRI=
github.com/google/go-cmp v0.6.0/go.mod h1:17dUlkBOakJ0+DkrSSNjCkIjxS6bF9zb3elmeNGIjoY=
github.com/mattn/go-colorable v0.1.13 h1:fFA4WZxdEF4tXPZVKMLwD8oUnCTTo08duU7wxecdEvA=
github.com/mattn/go-colorable v0.1.13/go.mod h1:7S9/ev0klgBDR4GtXTXX8a3vIGJpMovkB8vQcUbaXHg=
github.com/mattn/go-isatty v0.0.16/go.mod h1:kYGgaQfpe5nmfYZH+SKPsOc2e4SrIfOl2e/yFXSvRLM=
github.com/mattn/go-isatty v0.0.20 h1:xfD0iDuEKnDkl03q4limB+vH+GxLEtL/jb4xVJSWWEY=
github.com/mattn/go-isatty v0.0.20/go.mod h1:W+V8PltTTMOvKvAeJH7IuucS94S2C6jfK/D7dTCTo3Y=
github.com/pmezard/go-difflib v1.0.0 h1:4DBwDE0NGyQoBHbLQYPwSUPoCMWR5BEzIk/f1lZbAQM=
github.com/pmezard/go-difflib v1.0.0/go.mod h1:iKH77koFhYxTK1pcRnkKkqfTogsbg7gZNVY4sRDYZ/4=
github.com/stretchr/testify v1.11.1 h1:7s2iGBzp5EwR7/aIZr8ao5+dra3wiQyKjjFuvgVKu7U=
github.com/stretchr/testify v1.11.1/go.mod h1:wZwfW3scLgRK+23gO65QZefKpKQRnfz6sD981Nm4B6U=
github.com/yuin/goldmark v1.4.13 h1:fVcFKWvrslecOb/tg+Cc05dkeYx540o0FuFt3nUVDoE=
github.com/yuin/goldmark v1.4.13/go.mod h1:6yULJ656Px+3vBD8DxQVa3kxgyrAnzto9xy5taEt/CY=
golang.org/x/crypto v0.0.0-20190308221718-c2843e01d9a2/go.mod h1:djNgcEr1/C05ACkg1iLfiJU5Ep61QUkGW8qpdssI0+w=
golang.org/x/crypto v0.0.0-20191011191535-87dc89f01550/go.mod h1:yigFU9vqHzYiE8UmvKecakEJjdnWj3jj499lnFckfCI=
golang.org/x/lint v0.0.0-20210508222113-6edffad5e616 h1:VLliZ0d+/avPrXXH+OakdXhpJuEoBZuwh1m2j7U6Iug=
golang.org/x/lint v0.0.0-20210508222113-6edffad5e616/go.mod h1:3xt1FjdF8hUf6vQPIChWIBhFzV8gjjsPE/fR3IyQdNY=
golang.org/x/mod v0.1.1-0.20191105210325-c90efee705ee/go.mod h1:QqPTAvyqsEbceGzBzNggFXnrqF1CaUcvgkdR5Ot7KZg=
golang.org/x/mod v0.27.0 h1:kb+q2PyFnEADO2IEF935ehFUXlWiNjJWtRNgBLSfbxQ=
golang.org/x/mod v0.27.0/go.mod h1:rWI627Fq0DEoudcK+MBkNkCe0EetEaDSwJJkCcjpazc=
golang.org/x/net v0.0.0-20190404232315-eb5bcb51f2a3/go.mod h1:t9HGtf8HONx5eT2rtn7q6eTqICYqUVnKs3thJo3Qplg=
golang.org/x/net v0.0.0-20190620200207-3b0461eec859/go.mod h1:z5CRVTTTmAJ677TzLLGU+0bjPO0LkuOLi4/5GtJWs/s=
golang.org/x/sync v0.0.0-20190423024810-112230192c58/go.mod h1:RxMgew5VJxzue5/jJTE5uejpjVlOe/izrB70Jof72aM=
golang.org/x/sync v0.16.0 h1:ycBJEhp9p4vXvUZNszeOq0kGTPghopOL8q0fq3vstxw=
golang.org/x/sync v0.16.0/go.mod h1:1dzgHSNfp02xaA81J2MS99Qcpr2w7fw1gpm99rleRqA=
golang.org/x/sys v0.0.0-20190215142949-d0b11bdaac8a/go.mod h1:STP8DvDyc/dI5b8T5hshtkjS+E42TnysNCUPdjciGhY=
golang.org/x/sys v0.0.0-20190412213103-97732733099d/go.mod h1:h1NjWce9XRLGQEsW7wpKNCjG9DtNlClVuFLEZdDNbEs=
golang.org/x/sys v0.0.0-20220811171246-fbc7d0a398ab/go.mod h1:oPkhp1MJrh7nUepCBck5+mAzfO9JrbApNNgaTdGDITg=
golang.org/x/sys v0.6.0/go.mod h1:oPkhp1MJrh7nUepCBck5+mAzfO9JrbApNNgaTdGDITg=
golang.org/x/sys v0.40.0 h1:DBZZqJ2Rkml6QMQsZywtnjnnGvHza6BTfYFWY9kjEWQ=
golang.org/x/sys v0.40.0/go.mod h1:OgkHotnGiDImocRcuBABYBEXf8A9a87e/uXjp9XT3ks=
golang.org/x/text v0.3.0/go.mod h1:NqM8EUOU14njkJ3fqMW+pc6Ldnwhi/IjpwHt7yyuwOQ=
golang.org/x/tools v0.0.0-20200130002326-2f3ba24bd6e7/go.mod h1:TB2adYChydJhpapKDTa4BR/hXlZSLoq2Wpct/0txZ28=
golang.org/x/tools v0.36.0 h1:kWS0uv/zsvHEle1LbV5LE8QujrxB3wfQyxHfhOk0Qkg=
golang.org/x/tools v0.36.0/go.mod h1:WBDiHKJK8YgLHlcQPYQzNCkUxUypCaa5ZegCVutKm+s=
golang.org/x/xerrors v0.0.0-20191011141410-1b5146add898/go.mod h1:I/5z698sn9Ka8TeJc9MKroUUfqBBauWjQqLJ2OPfmY0=
gopkg.in/yaml.v3 v3.0.1 h1:fxVm/GzAzEWqLHuvctI91KS9hhNmmWOoWu0XTYJS7CA=
gopkg.in/yaml.v3 v3.0.1/go.mod h1:K4uyk7z7BCEPqu6E+C64Yfv1cQ7kz7rIZviUmN+EgEM=
